
Microsoft Visual Studio Solution File, Format Version 12.00
# Visual Studio Version 17
VisualStudioVersion = 17.10.35013.160
MinimumVisualStudioVersion = 10.0.40219.1
Project("{9A19103F-16F7-4668-BE54-9A1E7A4F7556}") = "FUCourseManagementRazor", "FUCourseManagementRazor\FUCourseManagementRazor.csproj", "{BB4F6B26-CEB4-4A19-8EF0-A974A5FFFE6A}"
EndProject
Project("{9A19103F-16F7-4668-BE54-9A1E7A4F7556}") = "FUBusiness", "FUBusiness\FUBusiness.csproj", "{5FF0D1CD-0F53-42AB-9777-750DFB58575D}"
EndProject
Project("{9A19103F-16F7-4668-BE54-9A1E7A4F7556}") = "FUDataAccess", "FUDataAccess\FUDataAccess.csproj", "{FBD6F954-4123-4ACF-B091-CF1AAE2EE63F}"
EndProject
Project("{9A19103F-16F7-4668-BE54-9A1E7A4F7556}") = "FURepositories", "FURepositories\FURepositories.csproj", "{A40EF21D-7EB0-469F-B7DC-B4D81A8AADDB}"
EndProject
Global
	GlobalSection(SolutionConfigurationPlatforms) = preSolution
		Debug|Any CPU = Debug|Any CPU
		Release|Any CPU = Release|Any CPU
	EndGlobalSection
	GlobalSection(ProjectConfigurationPlatforms) = postSolution
		{BB4F6B26-CEB4-4A19-8EF0-A974A5FFFE6A}.Debug|Any CPU.ActiveCfg = Debug|Any CPU
		{BB4F6B26-CEB4-4A19-8EF0-A974A5FFFE6A}.Debug|Any CPU.Build.0 = Debug|Any CPU
		{BB4F6B26-CEB4-4A19-8EF0-A974A5FFFE6A}.Release|Any CPU.ActiveCfg = Release|Any CPU
		{BB4F6B26-CEB4-4A19-8EF0-A974A5FFFE6A}.Release|Any CPU.Build.0 = Release|Any CPU
		{5FF0D1CD-0F53-42AB-9777-750DFB58575D}.Debug|Any CPU.ActiveCfg = Debug|Any CPU
		{5FF0D1CD-0F53-42AB-9777-750DFB58575D}.Debug|Any CPU.Build.0 = Debug|Any CPU
		{5FF0D1CD-0F53-42AB-9777-750DFB58575D}.Release|Any CPU.ActiveCfg = Release|Any CPU
		{5FF0D1CD-0F53-42AB-9777-750DFB58575D}.Release|Any CPU.Build.0 = Release|Any CPU
		{FBD6F954-4123-4ACF-B091-CF1AAE2EE63F}.Debug|Any CPU.ActiveCfg = Debug|Any CPU
		{FBD6F954-4123-4ACF-B091-CF1AAE2EE63F}.Debug|Any CPU.Build.0 = Debug|Any CPU
		{FBD6F954-4123-4ACF-B091-CF1AAE2EE63F}.Release|Any CPU.ActiveCfg = Release|Any CPU
		{FBD6F954-4123-4ACF-B091-CF1AAE2EE63F}.Release|Any CPU.Build.0 = Release|Any CPU
		{A40EF21D-7EB0-469F-B7DC-B4D81A8AADDB}.Debug|Any CPU.ActiveCfg = Debug|Any CPU
		{A40EF21D-7EB0-469F-B7DC-B4D81A8AADDB}.Debug|Any CPU.Build.0 = Debug|Any CPU
		{A40EF21D-7EB0-469F-B7DC-B4D81A8AADDB}.Release|Any CPU.ActiveCfg = Release|Any CPU
		{A40EF21D-7EB0-469F-B7DC-B4D81A8AADDB}.Release|Any CPU.Build.0 = Release|Any CPU
	EndGlobalSection
	GlobalSection(SolutionProperties) = preSolution
		HideSolutionNode = FALSE
	EndGlobalSection
	GlobalSection(ExtensibilityGlobals) = postSolution
		SolutionGuid = {EF03CAEC-92A0-4F1C-8C24-8DA2B4C86B96}
	EndGlobalSection
EndGlobal
